# This file was autogenerated by Stack.
# You should not edit this file by hand.
# For more information, please see the documentation at:
#   https://docs.haskellstack.org/en/stable/lock_files

packages:
- completed:
    commit: c89c59506367a61c79b490987104c802aec9368a
    git: https://github.com/hsfl-pltp/language-java.git
    name: language-java
    pantry-tree:
      sha256: f8e7518043f4b50de34ddfb11a8d84bbfd093b1beac0d69d85abd158da509537
      size: 4466
    version: 0.2.9
  original:
    commit: c89c59506367a61c79b490987104c802aec9368a
    git: https://github.com/hsfl-pltp/language-java.git
snapshots:
- completed:
    sha256: b936d27d647a31a8834d3efec126e2a07dee9c9bd6dd401d9bdac77e7b278f1e
    size: 619093
    url: https://raw.githubusercontent.com/commercialhaskell/stackage-snapshots/master/lts/19/5.yaml
  original:
    url: https://raw.githubusercontent.com/commercialhaskell/stackage-snapshots/master/lts/19/5.yaml
