# This file was autogenerated by Stack.
# You should not edit this file by hand.
# For more information, please see the documentation at:
#   https://docs.haskellstack.org/en/stable/lock_files

packages:
- completed:
    commit: ab54f1f4727e186dc778f9ab7600c828ce1788a8
    git: https://github.com/hsfl-pltp/language-java.git
    name: language-java
    pantry-tree:
      sha256: fd2ce7e710f37eb7b1c3756e564e2491815bfd079145aaa01f53734712a8a2a5
      size: 6214
    version: 0.2.9
  original:
    commit: ab54f1f4727e186dc778f9ab7600c828ce1788a8
    git: https://github.com/hsfl-pltp/language-java.git
snapshots:
- completed:
    sha256: b936d27d647a31a8834d3efec126e2a07dee9c9bd6dd401d9bdac77e7b278f1e
    size: 619093
    url: https://raw.githubusercontent.com/commercialhaskell/stackage-snapshots/master/lts/19/5.yaml
  original:
    url: https://raw.githubusercontent.com/commercialhaskell/stackage-snapshots/master/lts/19/5.yaml
